PODS:
  - KGNoise (1.2.0)
  - Mensa (0.2.5)
  - TTSwitch (0.0.5)

DEPENDENCIES:
  - KGNoise (from `https://github.com/jordanekay/KGNoise.git`)
  - Mensa (from `https://github.com/jordanekay/Mensa.git`)
  - TTSwitch (from `https://github.com/jordanekay/TTSwitch.git`)

EXTERNAL SOURCES:
  KGNoise:
    :git: https://github.com/jordanekay/KGNoise.git
  Mensa:
    :git: https://github.com/jordanekay/Mensa.git
  TTSwitch:
    :git: https://github.com/jordanekay/TTSwitch.git

SPEC CHECKSUMS:
  KGNoise: b21f0a389b4b94589b76f331ad9083643a79d6e7
  Mensa: 9343c142a518a10a5971882f7b9667b909eea207
  TTSwitch: 6f915da3c66d6c02c79a2761460b11143d6294fb

COCOAPODS: 0.28.0
