// !$*UTF8*$!
{
	archiveVersion = 1;
	classes = {
	};
	objectVersion = 46;
	objects = {

/* Begin PBXBuildFile section */
		45BA94591A9D790500775266 /* KGNoiseHeader.h in Headers */ = {isa = PBXBuildFile; fileRef = 45BA94581A9D790500775266 /* KGNoiseHeader.h */; settings = {ATTRIBUTES = (Public, ); }; };
		45BA94721A9D794F00775266 /* KGNoise.h in Headers */ = {isa = PBXBuildFile; fileRef = 45BA94701A9D794F00775266 /* KGNoise.h */; settings = {ATTRIBUTES = (Public, ); }; };
		45BA94731A9D794F00775266 /* KGNoise.m in Sources */ = {isa = PBXBuildFile; fileRef = 45BA94711A9D794F00775266 /* KGNoise.m */; };
/* End PBXBuildFile section */

/* Begin PBXFileReference section */
		45BA94531A9D790500775266 /* KGNoise.framework */ = {isa = PBXFileReference; explicitFileType = wrapper.framework; includeInIndex = 0; path = KGNoise.framework; sourceTree = BUILT_PRODUCTS_DIR; };
		45BA94571A9D790500775266 /* Info.plist */ = {isa = PBXFileReference; lastKnownFileType = text.plist.xml; path = Info.plist; sourceTree = "<group>"; };
		45BA94581A9D790500775266 /* KGNoiseHeader.h */ = {isa = PBXFileReference; lastKnownFileType = sourcecode.c.h; path = KGNoiseHeader.h; sourceTree = "<group>"; };
		45BA94701A9D794F00775266 /* KGNoise.h */ = {isa = PBXFileReference; fileEncoding = 4; lastKnownFileType = sourcecode.c.h; path = KGNoise.h; sourceTree = "<group>"; };
		45BA94711A9D794F00775266 /* KGNoise.m */ = {isa = PBXFileReference; fileEncoding = 4; lastKnownFileType = sourcecode.c.objc; path = KGNoise.m; sourceTree = "<group>"; };
/* End PBXFileReference section */

/* Begin PBXFrameworksBuildPhase section */
		45BA944F1A9D790500775266 /* Frameworks */ = {
			isa = PBXFrameworksBuildPhase;
			buildActionMask = 2147483647;
			files = (
			);
			runOnlyForDeploymentPostprocessing = 0;
		};
/* End PBXFrameworksBuildPhase section */

/* Begin PBXGroup section */
		45BA94491A9D790500775266 = {
			isa = PBXGroup;
			children = (
				45BA946F1A9D794F00775266 /* Classes */,
				45BA94551A9D790500775266 /* KGNoise */,
				45BA94541A9D790500775266 /* Products */,
			);
			sourceTree = "<group>";
		};
		45BA94541A9D790500775266 /* Products */ = {
			isa = PBXGroup;
			children = (
				45BA94531A9D790500775266 /* KGNoise.framework */,
			);
			name = Products;
			sourceTree = "<group>";
		};
		45BA94551A9D790500775266 /* KGNoise */ = {
			isa = PBXGroup;
			children = (
				45BA94581A9D790500775266 /* KGNoiseHeader.h */,
				45BA94561A9D790500775266 /* Supporting Files */,
			);
			path = KGNoise;
			sourceTree = "<group>";
		};
		45BA94561A9D790500775266 /* Supporting Files */ = {
			isa = PBXGroup;
			children = (
				45BA94571A9D790500775266 /* Info.plist */,
			);
			name = "Supporting Files";
			sourceTree = "<group>";
		};
		45BA946F1A9D794F00775266 /* Classes */ = {
			isa = PBXGroup;
			children = (
				45BA94701A9D794F00775266 /* KGNoise.h */,
				45BA94711A9D794F00775266 /* KGNoise.m */,
			);
			path = Classes;
			sourceTree = "<group>";
		};
/* End PBXGroup section */

/* Begin PBXHeadersBuildPhase section */
		45BA94501A9D790500775266 /* Headers */ = {
			isa = PBXHeadersBuildPhase;
			buildActionMask = 2147483647;
			files = (
				45BA94591A9D790500775266 /* KGNoiseHeader.h in Headers */,
				45BA94721A9D794F00775266 /* KGNoise.h in Headers */,
			);
			runOnlyForDeploymentPostprocessing = 0;
		};
/* End PBXHeadersBuildPhase section */

/* Begin PBXNativeTarget section */
		45BA94521A9D790500775266 /* KGNoise */ = {
			isa = PBXNativeTarget;
			buildConfigurationList = 45BA94691A9D790500775266 /* Build configuration list for PBXNativeTarget "KGNoise" */;
			buildPhases = (
				45BA944E1A9D790500775266 /* Sources */,
				45BA944F1A9D790500775266 /* Frameworks */,
				45BA94501A9D790500775266 /* Headers */,
				45BA94511A9D790500775266 /* Resources */,
			);
			buildRules = (
			);
			dependencies = (
			);
			name = KGNoise;
			productName = KGNoise;
			productReference = 45BA94531A9D790500775266 /* KGNoise.framework */;
			productType = "com.apple.product-type.framework";
		};
/* End PBXNativeTarget section */

/* Begin PBXProject section */
		45BA944A1A9D790500775266 /* Project object */ = {
			isa = PBXProject;
			attributes = {
				LastUpgradeCheck = 0610;
				ORGANIZATIONNAME = "Jordan Kay";
				TargetAttributes = {
					45BA94521A9D790500775266 = {
						CreatedOnToolsVersion = 6.1;
					};
				};
			};
			buildConfigurationList = 45BA944D1A9D790500775266 /* Build configuration list for PBXProject "KGNoise" */;
			compatibilityVersion = "Xcode 3.2";
			developmentRegion = English;
			hasScannedForEncodings = 0;
			knownRegions = (
				en,
			);
			mainGroup = 45BA94491A9D790500775266;
			productRefGroup = 45BA94541A9D790500775266 /* Products */;
			projectDirPath = "";
			projectRoot = "";
			targets = (
				45BA94521A9D790500775266 /* KGNoise */,
			);
		};
/* End PBXProject section */

/* Begin PBXResourcesBuildPhase section */
		45BA94511A9D790500775266 /* Resources */ = {
			isa = PBXResourcesBuildPhase;
			buildActionMask = 2147483647;
			files = (
			);
			runOnlyForDeploymentPostprocessing = 0;
		};
/* End PBXResourcesBuildPhase section */

/* Begin PBXSourcesBuildPhase section */
		45BA944E1A9D790500775266 /* Sources */ = {
			isa = PBXSourcesBuildPhase;
			buildActionMask = 2147483647;
			files = (
				45BA94731A9D794F00775266 /* KGNoise.m in Sources */,
			);
			runOnlyForDeploymentPostprocessing = 0;
		};
/* End PBXSourcesBuildPhase section */

/* Begin XCBuildConfiguration section */
		45BA94671A9D790500775266 /* Debug */ = {
			isa = XCBuildConfiguration;
			buildSettings = {
				ALWAYS_SEARCH_USER_PATHS = NO;
				CLANG_CXX_LANGUAGE_STANDARD = "gnu++0x";
				CLANG_CXX_LIBRARY = "libc++";
				CLANG_ENABLE_MODULES = YES;
				CLANG_ENABLE_OBJC_ARC = YES;
				CLANG_WARN_BOOL_CONVERSION = YES;
				CLANG_WARN_CONSTANT_CONVERSION = YES;
				CLANG_WARN_DIRECT_OBJC_ISA_USAGE = YES_ERROR;
				CLANG_WARN_EMPTY_BODY = YES;
				CLANG_WARN_ENUM_CONVERSION = YES;
				CLANG_WARN_INT_CONVERSION = YES;
				CLANG_WARN_OBJC_ROOT_CLASS = YES_ERROR;
				CLANG_WARN_UNREACHABLE_CODE = YES;
				CLANG_WARN__DUPLICATE_METHOD_MATCH = YES;
				"CODE_SIGN_IDENTITY[sdk=iphoneos*]" = "iPhone Developer";
				COPY_PHASE_STRIP = NO;
				CURRENT_PROJECT_VERSION = 1;
				ENABLE_STRICT_OBJC_MSGSEND = YES;
				GCC_C_LANGUAGE_STANDARD = gnu99;
				GCC_DYNAMIC_NO_PIC = NO;
				GCC_OPTIMIZATION_LEVEL = 0;
				GCC_PREPROCESSOR_DEFINITIONS = (
					"DEBUG=1",
					"$(inherited)",
				);
				GCC_SYMBOLS_PRIVATE_EXTERN = NO;
				GCC_WARN_64_TO_32_BIT_CONVERSION = YES;
				GCC_WARN_ABOUT_RETURN_TYPE = YES_ERROR;
				GCC_WARN_UNDECLARED_SELECTOR = YES;
				GCC_WARN_UNINITIALIZED_AUTOS = YES_AGGRESSIVE;
				GCC_WARN_UNUSED_FUNCTION = YES;
				GCC_WARN_UNUSED_VARIABLE = YES;
				IPHONEOS_DEPLOYMENT_TARGET = 8.1;
				MTL_ENABLE_DEBUG_INFO = YES;
				ONLY_ACTIVE_ARCH = YES;
				SDKROOT = iphoneos;
				TARGETED_DEVICE_FAMILY = "1,2";
				VERSIONING_SYSTEM = "apple-generic";
				VERSION_INFO_PREFIX = "";
			};
			name = Debug;
		};
		45BA94681A9D790500775266 /* Release */ = {
			isa = XCBuildConfiguration;
			buildSettings = {
				ALWAYS_SEARCH_USER_PATHS = NO;
				CLANG_CXX_LANGUAGE_STANDARD = "gnu++0x";
				CLANG_CXX_LIBRARY = "libc++";
				CLANG_ENABLE_MODULES = YES;
				CLANG_ENABLE_OBJC_ARC = YES;
				CLANG_WARN_BOOL_CONVERSION = YES;
				CLANG_WARN_CONSTANT_CONVERSION = YES;
				CLANG_WARN_DIRECT_OBJC_ISA_USAGE = YES_ERROR;
				CLANG_WARN_EMPTY_BODY = YES;
				CLANG_WARN_ENUM_CONVERSION = YES;
				CLANG_WARN_INT_CONVERSION = YES;
				CLANG_WARN_OBJC_ROOT_CLASS = YES_ERROR;
				CLANG_WARN_UNREACHABLE_CODE = YES;
				CLANG_WARN__DUPLICATE_METHOD_MATCH = YES;
				"CODE_SIGN_IDENTITY[sdk=iphoneos*]" = "iPhone Developer";
				COPY_PHASE_STRIP = YES;
				CURRENT_PROJECT_VERSION = 1;
				ENABLE_NS_ASSERTIONS = NO;
				ENABLE_STRICT_OBJC_MSGSEND = YES;
				GCC_C_LANGUAGE_STANDARD = gnu99;
				GCC_WARN_64_TO_32_BIT_CONVERSION = YES;
				GCC_WARN_ABOUT_RETURN_TYPE = YES_ERROR;
				GCC_WARN_UNDECLARED_SELECTOR = YES;
				GCC_WARN_UNINITIALIZED_AUTOS = YES_AGGRESSIVE;
				GCC_WARN_UNUSED_FUNCTION = YES;
				GCC_WARN_UNUSED_VARIABLE = YES;
				IPHONEOS_DEPLOYMENT_TARGET = 8.1;
				MTL_ENABLE_DEBUG_INFO = NO;
				SDKROOT = iphoneos;
				TARGETED_DEVICE_FAMILY = "1,2";
				VALIDATE_PRODUCT = YES;
				VERSIONING_SYSTEM = "apple-generic";
				VERSION_INFO_PREFIX = "";
			};
			name = Release;
		};
		45BA946A1A9D790500775266 /* Debug */ = {
			isa = XCBuildConfiguration;
			buildSettings = {
				DEFINES_MODULE = YES;
				DYLIB_COMPATIBILITY_VERSION = 1;
				DYLIB_CURRENT_VERSION = 1;
				DYLIB_INSTALL_NAME_BASE = "@rpath";
				INFOPLIST_FILE = KGNoise/Info.plist;
				INSTALL_PATH = "$(LOCAL_LIBRARY_DIR)/Frameworks";
				LD_RUNPATH_SEARCH_PATHS = "$(inherited) @executable_path/Frameworks @loader_path/Frameworks";
				PRODUCT_NAME = "$(TARGET_NAME)";
				SKIP_INSTALL = YES;
			};
			name = Debug;
		};
		45BA946B1A9D790500775266 /* Release */ = {
			isa = XCBuildConfiguration;
			buildSettings = {
				DEFINES_MODULE = YES;
				DYLIB_COMPATIBILITY_VERSION = 1;
				DYLIB_CURRENT_VERSION = 1;
				DYLIB_INSTALL_NAME_BASE = "@rpath";
				INFOPLIST_FILE = KGNoise/Info.plist;
				INSTALL_PATH = "$(LOCAL_LIBRARY_DIR)/Frameworks";
				LD_RUNPATH_SEARCH_PATHS = "$(inherited) @executable_path/Frameworks @loader_path/Frameworks";
				PRODUCT_NAME = "$(TARGET_NAME)";
				SKIP_INSTALL = YES;
			};
			name = Release;
		};
/* End XCBuildConfiguration section */

/* Begin XCConfigurationList section */
		45BA944D1A9D790500775266 /* Build configuration list for PBXProject "KGNoise" */ = {
			isa = XCConfigurationList;
			buildConfigurations = (
				45BA94671A9D790500775266 /* Debug */,
				45BA94681A9D790500775266 /* Release */,
			);
			defaultConfigurationIsVisible = 0;
			defaultConfigurationName = Release;
		};
		45BA94691A9D790500775266 /* Build configuration list for PBXNativeTarget "KGNoise" */ = {
			isa = XCConfigurationList;
			buildConfigurations = (
				45BA946A1A9D790500775266 /* Debug */,
				45BA946B1A9D790500775266 /* Release */,
			);
			defaultConfigurationIsVisible = 0;
			defaultConfigurationName = Release;
		};
/* End XCConfigurationList section */
	};
	rootObject = 45BA944A1A9D790500775266 /* Project object */;
}
