<?xml version="1.0" encoding="UTF-8"?>
<!DOCTYPE plist PUBLIC "-//Apple//DTD PLIST 1.0//EN" "http://www.apple.com/DTDs/PropertyList-1.0.dtd">
<plist version="1.0">
<dict>
	<key>archiveVersion</key>
	<string>1</string>
	<key>classes</key>
	<dict/>
	<key>objectVersion</key>
	<string>46</string>
	<key>objects</key>
	<dict>
		<key>05D830B0917E4C8C89B91FA3</key>
		<dict>
			<key>explicitFileType</key>
			<string>archive.ar</string>
			<key>includeInIndex</key>
			<string>0</string>
			<key>isa</key>
			<string>PBXFileReference</string>
			<key>path</key>
			<string>libPods.a</string>
			<key>sourceTree</key>
			<string>BUILT_PRODUCTS_DIR</string>
		</dict>
		<key>170ABAA917BA1142009B9969</key>
		<dict>
			<key>isa</key>
			<string>PBXFileReference</string>
			<key>lastKnownFileType</key>
			<string>image.png</string>
			<key>path</key>
			<string>bg_linen.png</string>
			<key>sourceTree</key>
			<string>&lt;group&gt;</string>
		</dict>
		<key>170ABAAA17BA1142009B9969</key>
		<dict>
			<key>isa</key>
			<string>PBXFileReference</string>
			<key>lastKnownFileType</key>
			<string>image.png</string>
			<key>path</key>
			<string>bg_linen@2x.png</string>
			<key>sourceTree</key>
			<string>&lt;group&gt;</string>
		</dict>
		<key>170ABAAB17BA1142009B9969</key>
		<dict>
			<key>fileRef</key>
			<string>170ABAA917BA1142009B9969</string>
			<key>isa</key>
			<string>PBXBuildFile</string>
		</dict>
		<key>170ABAAC17BA1142009B9969</key>
		<dict>
			<key>fileRef</key>
			<string>170ABAAA17BA1142009B9969</string>
			<key>isa</key>
			<string>PBXBuildFile</string>
		</dict>
		<key>1718F1F517A8E6E300287D33</key>
		<dict>
			<key>fileRef</key>
			<string>4507A57417A0BCCA00C63494</string>
			<key>isa</key>
			<string>PBXBuildFile</string>
		</dict>
		<key>172E8300177F5C4700D25532</key>
		<dict>
			<key>children</key>
			<array>
				<string>172E831B177F5C4900D25532</string>
				<string>172E831C177F5C4900D25532</string>
				<string>177E604617800317009486B4</string>
				<string>177E604717800317009486B4</string>
				<string>172E8312177F5C4800D25532</string>
				<string>172E8313177F5C4800D25532</string>
				<string>172E832B177F5C4900D25532</string>
				<string>172E830B177F5C4800D25532</string>
				<string>172E830A177F5C4800D25532</string>
				<string>DA9156BEB2E04AD58DE5ED20</string>
			</array>
			<key>isa</key>
			<string>PBXGroup</string>
			<key>sourceTree</key>
			<string>&lt;group&gt;</string>
		</dict>
		<key>172E8301177F5C4700D25532</key>
		<dict>
			<key>attributes</key>
			<dict>
				<key>CLASSPREFIX</key>
				<string>ORN</string>
				<key>LastUpgradeCheck</key>
				<string>0500</string>
				<key>ORGANIZATIONNAME</key>
				<string>Jordan Kay</string>
				<key>TargetAttributes</key>
				<dict>
					<key>172E8308177F5C4700D25532</key>
					<dict>
						<key>DevelopmentTeam</key>
						<string>SPP937VW7P</string>
					</dict>
					<key>172E8323177F5C4900D25532</key>
					<dict>
						<key>TestTargetID</key>
						<string>172E8308177F5C4700D25532</string>
					</dict>
				</dict>
			</dict>
			<key>buildConfigurationList</key>
			<string>172E8304177F5C4700D25532</string>
			<key>compatibilityVersion</key>
			<string>Xcode 3.2</string>
			<key>developmentRegion</key>
			<string>English</string>
			<key>hasScannedForEncodings</key>
			<string>0</string>
			<key>isa</key>
			<string>PBXProject</string>
			<key>knownRegions</key>
			<array>
				<string>en</string>
			</array>
			<key>mainGroup</key>
			<string>172E8300177F5C4700D25532</string>
			<key>productRefGroup</key>
			<string>172E830A177F5C4800D25532</string>
			<key>projectDirPath</key>
			<string></string>
			<key>projectReferences</key>
			<array/>
			<key>projectRoot</key>
			<string></string>
			<key>targets</key>
			<array>
				<string>172E8308177F5C4700D25532</string>
				<string>172E8323177F5C4900D25532</string>
			</array>
		</dict>
		<key>172E8304177F5C4700D25532</key>
		<dict>
			<key>buildConfigurations</key>
			<array>
				<string>172E8333177F5C4900D25532</string>
				<string>172E8334177F5C4900D25532</string>
			</array>
			<key>defaultConfigurationIsVisible</key>
			<string>0</string>
			<key>defaultConfigurationName</key>
			<string>Release</string>
			<key>isa</key>
			<string>XCConfigurationList</string>
		</dict>
		<key>172E8305177F5C4700D25532</key>
		<dict>
			<key>buildActionMask</key>
			<string>2147483647</string>
			<key>files</key>
			<array>
				<string>177E603F177FEA6A009486B4</string>
				<string>45D05B14179C607A00DB5763</string>
				<string>177E6045177FFE03009486B4</string>
				<string>45C2A3A1183A6C7E00A3A529</string>
				<string>456D896017B9454700344F90</string>
				<string>17CFB48118255EFF00A63485</string>
				<string>45B5EBCD1848281F0097A7B6</string>
				<string>4583E44217B9C5B900EF6DF6</string>
				<string>45C4EBF11846B6BE0016FC7D</string>
				<string>1718F1F517A8E6E300287D33</string>
				<string>172E831D177F5C4900D25532</string>
				<string>17CFB47818255DCD00A63485</string>
				<string>17CFB47E18255EA300A63485</string>
				<string>17CFB46F18255B0500A63485</string>
				<string>172E8319177F5C4800D25532</string>
				<string>450953EA17990148009B4F0F</string>
				<string>45C2868B179512B40081564A</string>
				<string>17CFB47518255D8F00A63485</string>
				<string>177E604817800317009486B4</string>
				<string>172E833D177FA67F00D25532</string>
				<string>1743FFFC177FB07D00EE55D2</string>
				<string>45C3798D183991AF00997F3F</string>
				<string>45C379901839AE2F00997F3F</string>
				<string>17CFB48E1825632C00A63485</string>
				<string>17CFB47218255CD300A63485</string>
				<string>45E93461184BFD9A00CBF9F6</string>
				<string>17CFB47B18255E3200A63485</string>
				<string>45B5EBD018482BEC0097A7B6</string>
			</array>
			<key>isa</key>
			<string>PBXSourcesBuildPhase</string>
			<key>runOnlyForDeploymentPostprocessing</key>
			<string>0</string>
		</dict>
		<key>172E8306177F5C4700D25532</key>
		<dict>
			<key>buildActionMask</key>
			<string>2147483647</string>
			<key>files</key>
			<array>
				<string>45B223951782072200CE5827</string>
				<string>172E830F177F5C4800D25532</string>
				<string>172E8311177F5C4800D25532</string>
				<string>172E830D177F5C4800D25532</string>
				<string>EBD6A5A5F15B47CABD5C0814</string>
			</array>
			<key>isa</key>
			<string>PBXFrameworksBuildPhase</string>
			<key>runOnlyForDeploymentPostprocessing</key>
			<string>0</string>
		</dict>
		<key>172E8307177F5C4700D25532</key>
		<dict>
			<key>buildActionMask</key>
			<string>2147483647</string>
			<key>files</key>
			<array>
				<string>172E8317177F5C4800D25532</string>
				<string>45E93486184E421400CBF9F6</string>
				<string>45E93485184E421400CBF9F6</string>
				<string>45E93494184E535E00CBF9F6</string>
				<string>170ABAAB17BA1142009B9969</string>
				<string>450953E71798E5C9009B4F0F</string>
				<string>45B495B51786286B00341BB9</string>
				<string>170ABAAC17BA1142009B9969</string>
				<string>4556433B1799271900339505</string>
				<string>45E93490184E521600CBF9F6</string>
				<string>45E9348E184E519E00CBF9F6</string>
				<string>45E93493184E535E00CBF9F6</string>
			</array>
			<key>isa</key>
			<string>PBXResourcesBuildPhase</string>
			<key>runOnlyForDeploymentPostprocessing</key>
			<string>0</string>
		</dict>
		<key>172E8308177F5C4700D25532</key>
		<dict>
			<key>buildConfigurationList</key>
			<string>172E8335177F5C4900D25532</string>
			<key>buildPhases</key>
			<array>
				<string>4B0A72E72DA54B67975BD230</string>
				<string>172E8305177F5C4700D25532</string>
				<string>172E8306177F5C4700D25532</string>
				<string>172E8307177F5C4700D25532</string>
				<string>34D4D65786FB4F47A5A71ACC</string>
			</array>
			<key>buildRules</key>
			<array/>
			<key>dependencies</key>
			<array/>
			<key>isa</key>
			<string>PBXNativeTarget</string>
			<key>name</key>
			<string>Ornament</string>
			<key>productName</key>
			<string>Ornament</string>
			<key>productReference</key>
			<string>172E8309177F5C4800D25532</string>
			<key>productType</key>
			<string>com.apple.product-type.application</string>
		</dict>
		<key>172E8309177F5C4800D25532</key>
		<dict>
			<key>explicitFileType</key>
			<string>wrapper.application</string>
			<key>includeInIndex</key>
			<string>0</string>
			<key>isa</key>
			<string>PBXFileReference</string>
			<key>path</key>
			<string>Ornament.app</string>
			<key>sourceTree</key>
			<string>BUILT_PRODUCTS_DIR</string>
		</dict>
		<key>172E830A177F5C4800D25532</key>
		<dict>
			<key>children</key>
			<array>
				<string>172E8309177F5C4800D25532</string>
				<string>172E8324177F5C4900D25532</string>
			</array>
			<key>isa</key>
			<string>PBXGroup</string>
			<key>name</key>
			<string>Products</string>
			<key>sourceTree</key>
			<string>&lt;group&gt;</string>
		</dict>
		<key>172E830B177F5C4800D25532</key>
		<dict>
			<key>children</key>
			<array>
				<string>172E830C177F5C4800D25532</string>
				<string>172E830E177F5C4800D25532</string>
				<string>45B223941782072200CE5827</string>
				<string>172E8310177F5C4800D25532</string>
				<string>05D830B0917E4C8C89B91FA3</string>
			</array>
			<key>isa</key>
			<string>PBXGroup</string>
			<key>name</key>
			<string>Frameworks</string>
			<key>sourceTree</key>
			<string>&lt;group&gt;</string>
		</dict>
		<key>172E830C177F5C4800D25532</key>
		<dict>
			<key>isa</key>
			<string>PBXFileReference</string>
			<key>lastKnownFileType</key>
			<string>wrapper.framework</string>
			<key>name</key>
			<string>Foundation.framework</string>
			<key>path</key>
			<string>System/Library/Frameworks/Foundation.framework</string>
			<key>sourceTree</key>
			<string>SDKROOT</string>
		</dict>
		<key>172E830D177F5C4800D25532</key>
		<dict>
			<key>fileRef</key>
			<string>172E830C177F5C4800D25532</string>
			<key>isa</key>
			<string>PBXBuildFile</string>
		</dict>
		<key>172E830E177F5C4800D25532</key>
		<dict>
			<key>isa</key>
			<string>PBXFileReference</string>
			<key>lastKnownFileType</key>
			<string>wrapper.framework</string>
			<key>name</key>
			<string>CoreGraphics.framework</string>
			<key>path</key>
			<string>System/Library/Frameworks/CoreGraphics.framework</string>
			<key>sourceTree</key>
			<string>SDKROOT</string>
		</dict>
		<key>172E830F177F5C4800D25532</key>
		<dict>
			<key>fileRef</key>
			<string>172E830E177F5C4800D25532</string>
			<key>isa</key>
			<string>PBXBuildFile</string>
		</dict>
		<key>172E8310177F5C4800D25532</key>
		<dict>
			<key>isa</key>
			<string>PBXFileReference</string>
			<key>lastKnownFileType</key>
			<string>wrapper.framework</string>
			<key>name</key>
			<string>UIKit.framework</string>
			<key>path</key>
			<string>System/Library/Frameworks/UIKit.framework</string>
			<key>sourceTree</key>
			<string>SDKROOT</string>
		</dict>
		<key>172E8311177F5C4800D25532</key>
		<dict>
			<key>fileRef</key>
			<string>172E8310177F5C4800D25532</string>
			<key>isa</key>
			<string>PBXBuildFile</string>
		</dict>
		<key>172E8312177F5C4800D25532</key>
		<dict>
			<key>children</key>
			<array>
				<string>17CFB488182561FE00A63485</string>
				<string>450953EB17990415009B4F0F</string>
				<string>17CFB487182561EC00A63485</string>
				<string>17CFB4821825615600A63485</string>
				<string>17CFB485182561CD00A63485</string>
				<string>17CFB486182561DD00A63485</string>
				<string>17CFB4891825624500A63485</string>
				<string>17CFB46C18255A9F00A63485</string>
				<string>45C3798A1839919E00997F3F</string>
				<string>17CFB4831825616F00A63485</string>
				<string>17CFB4841825619300A63485</string>
			</array>
			<key>isa</key>
			<string>PBXGroup</string>
			<key>path</key>
			<string>Ornament</string>
			<key>sourceTree</key>
			<string>&lt;group&gt;</string>
		</dict>
		<key>172E8313177F5C4800D25532</key>
		<dict>
			<key>children</key>
			<array>
				<string>172E8314177F5C4800D25532</string>
				<string>172E8315177F5C4800D25532</string>
				<string>172E8318177F5C4800D25532</string>
				<string>172E831A177F5C4900D25532</string>
			</array>
			<key>isa</key>
			<string>PBXGroup</string>
			<key>name</key>
			<string>Supporting Files</string>
			<key>path</key>
			<string>Ornament</string>
			<key>sourceTree</key>
			<string>&lt;group&gt;</string>
		</dict>
		<key>172E8314177F5C4800D25532</key>
		<dict>
			<key>isa</key>
			<string>PBXFileReference</string>
			<key>lastKnownFileType</key>
			<string>text.plist.xml</string>
			<key>path</key>
			<string>Ornament-Info.plist</string>
			<key>sourceTree</key>
			<string>&lt;group&gt;</string>
		</dict>
		<key>172E8315177F5C4800D25532</key>
		<dict>
			<key>children</key>
			<array>
				<string>172E8316177F5C4800D25532</string>
			</array>
			<key>isa</key>
			<string>PBXVariantGroup</string>
			<key>name</key>
			<string>InfoPlist.strings</string>
			<key>sourceTree</key>
			<string>&lt;group&gt;</string>
		</dict>
		<key>172E8316177F5C4800D25532</key>
		<dict>
			<key>isa</key>
			<string>PBXFileReference</string>
			<key>lastKnownFileType</key>
			<string>text.plist.strings</string>
			<key>name</key>
			<string>en</string>
			<key>path</key>
			<string>en.lproj/InfoPlist.strings</string>
			<key>sourceTree</key>
			<string>&lt;group&gt;</string>
		</dict>
		<key>172E8317177F5C4800D25532</key>
		<dict>
			<key>fileRef</key>
			<string>172E8315177F5C4800D25532</string>
			<key>isa</key>
			<string>PBXBuildFile</string>
		</dict>
		<key>172E8318177F5C4800D25532</key>
		<dict>
			<key>isa</key>
			<string>PBXFileReference</string>
			<key>lastKnownFileType</key>
			<string>sourcecode.c.objc</string>
			<key>path</key>
			<string>main.m</string>
			<key>sourceTree</key>
			<string>&lt;group&gt;</string>
		</dict>
		<key>172E8319177F5C4800D25532</key>
		<dict>
			<key>fileRef</key>
			<string>172E8318177F5C4800D25532</string>
			<key>isa</key>
			<string>PBXBuildFile</string>
		</dict>
		<key>172E831A177F5C4900D25532</key>
		<dict>
			<key>isa</key>
			<string>PBXFileReference</string>
			<key>lastKnownFileType</key>
			<string>sourcecode.c.h</string>
			<key>path</key>
			<string>Ornament-Prefix.pch</string>
			<key>sourceTree</key>
			<string>&lt;group&gt;</string>
		</dict>
		<key>172E831B177F5C4900D25532</key>
		<dict>
			<key>isa</key>
			<string>PBXFileReference</string>
			<key>lastKnownFileType</key>
			<string>sourcecode.c.h</string>
			<key>name</key>
			<string>ORNAppDelegate.h</string>
			<key>path</key>
			<string>Ornament/ORNAppDelegate.h</string>
			<key>sourceTree</key>
			<string>&lt;group&gt;</string>
		</dict>
		<key>172E831C177F5C4900D25532</key>
		<dict>
			<key>isa</key>
			<string>PBXFileReference</string>
			<key>lastKnownFileType</key>
			<string>sourcecode.c.objc</string>
			<key>name</key>
			<string>ORNAppDelegate.m</string>
			<key>path</key>
			<string>Ornament/ORNAppDelegate.m</string>
			<key>sourceTree</key>
			<string>&lt;group&gt;</string>
		</dict>
		<key>172E831D177F5C4900D25532</key>
		<dict>
			<key>fileRef</key>
			<string>172E831C177F5C4900D25532</string>
			<key>isa</key>
			<string>PBXBuildFile</string>
		</dict>
		<key>172E8320177F5C4900D25532</key>
		<dict>
			<key>buildActionMask</key>
			<string>2147483647</string>
			<key>files</key>
			<array>
				<string>172E8332177F5C4900D25532</string>
			</array>
			<key>isa</key>
			<string>PBXSourcesBuildPhase</string>
			<key>runOnlyForDeploymentPostprocessing</key>
			<string>0</string>
		</dict>
		<key>172E8321177F5C4900D25532</key>
		<dict>
			<key>buildActionMask</key>
			<string>2147483647</string>
			<key>files</key>
			<array>
				<string>172E8328177F5C4900D25532</string>
				<string>172E8327177F5C4900D25532</string>
			</array>
			<key>isa</key>
			<string>PBXFrameworksBuildPhase</string>
			<key>runOnlyForDeploymentPostprocessing</key>
			<string>0</string>
		</dict>
		<key>172E8322177F5C4900D25532</key>
		<dict>
			<key>buildActionMask</key>
			<string>2147483647</string>
			<key>files</key>
			<array>
				<string>172E8330177F5C4900D25532</string>
			</array>
			<key>isa</key>
			<string>PBXResourcesBuildPhase</string>
			<key>runOnlyForDeploymentPostprocessing</key>
			<string>0</string>
		</dict>
		<key>172E8323177F5C4900D25532</key>
		<dict>
			<key>buildConfigurationList</key>
			<string>172E8338177F5C4900D25532</string>
			<key>buildPhases</key>
			<array>
				<string>172E8320177F5C4900D25532</string>
				<string>172E8321177F5C4900D25532</string>
				<string>172E8322177F5C4900D25532</string>
			</array>
			<key>buildRules</key>
			<array/>
			<key>dependencies</key>
			<array>
				<string>172E832A177F5C4900D25532</string>
			</array>
			<key>isa</key>
			<string>PBXNativeTarget</string>
			<key>name</key>
			<string>OrnamentTests</string>
			<key>productName</key>
			<string>OrnamentTests</string>
			<key>productReference</key>
			<string>172E8324177F5C4900D25532</string>
			<key>productType</key>
			<string>com.apple.product-type.bundle.unit-test</string>
		</dict>
		<key>172E8324177F5C4900D25532</key>
		<dict>
			<key>explicitFileType</key>
			<string>wrapper.cfbundle</string>
			<key>includeInIndex</key>
			<string>0</string>
			<key>isa</key>
			<string>PBXFileReference</string>
			<key>path</key>
			<string>OrnamentTests.xctest</string>
			<key>sourceTree</key>
			<string>BUILT_PRODUCTS_DIR</string>
		</dict>
		<key>172E8327177F5C4900D25532</key>
		<dict>
			<key>fileRef</key>
			<string>172E830C177F5C4800D25532</string>
			<key>isa</key>
			<string>PBXBuildFile</string>
		</dict>
		<key>172E8328177F5C4900D25532</key>
		<dict>
			<key>fileRef</key>
			<string>172E8310177F5C4800D25532</string>
			<key>isa</key>
			<string>PBXBuildFile</string>
		</dict>
		<key>172E8329177F5C4900D25532</key>
		<dict>
			<key>containerPortal</key>
			<string>172E8301177F5C4700D25532</string>
			<key>isa</key>
			<string>PBXContainerItemProxy</string>
			<key>proxyType</key>
			<string>1</string>
			<key>remoteGlobalIDString</key>
			<string>172E8308177F5C4700D25532</string>
			<key>remoteInfo</key>
			<string>Ornament</string>
		</dict>
		<key>172E832A177F5C4900D25532</key>
		<dict>
			<key>isa</key>
			<string>PBXTargetDependency</string>
			<key>target</key>
			<string>172E8308177F5C4700D25532</string>
			<key>targetProxy</key>
			<string>172E8329177F5C4900D25532</string>
		</dict>
		<key>172E832B177F5C4900D25532</key>
		<dict>
			<key>children</key>
			<array>
				<string>172E8331177F5C4900D25532</string>
				<string>172E832C177F5C4900D25532</string>
			</array>
			<key>isa</key>
			<string>PBXGroup</string>
			<key>path</key>
			<string>OrnamentTests</string>
			<key>sourceTree</key>
			<string>&lt;group&gt;</string>
		</dict>
		<key>172E832C177F5C4900D25532</key>
		<dict>
			<key>children</key>
			<array>
				<string>172E832D177F5C4900D25532</string>
				<string>172E832E177F5C4900D25532</string>
			</array>
			<key>isa</key>
			<string>PBXGroup</string>
			<key>name</key>
			<string>Supporting Files</string>
			<key>sourceTree</key>
			<string>&lt;group&gt;</string>
		</dict>
		<key>172E832D177F5C4900D25532</key>
		<dict>
			<key>isa</key>
			<string>PBXFileReference</string>
			<key>lastKnownFileType</key>
			<string>text.plist.xml</string>
			<key>path</key>
			<string>OrnamentTests-Info.plist</string>
			<key>sourceTree</key>
			<string>&lt;group&gt;</string>
		</dict>
		<key>172E832E177F5C4900D25532</key>
		<dict>
			<key>children</key>
			<array>
				<string>172E832F177F5C4900D25532</string>
			</array>
			<key>isa</key>
			<string>PBXVariantGroup</string>
			<key>name</key>
			<string>InfoPlist.strings</string>
			<key>sourceTree</key>
			<string>&lt;group&gt;</string>
		</dict>
		<key>172E832F177F5C4900D25532</key>
		<dict>
			<key>isa</key>
			<string>PBXFileReference</string>
			<key>lastKnownFileType</key>
			<string>text.plist.strings</string>
			<key>name</key>
			<string>en</string>
			<key>path</key>
			<string>en.lproj/InfoPlist.strings</string>
			<key>sourceTree</key>
			<string>&lt;group&gt;</string>
		</dict>
		<key>172E8330177F5C4900D25532</key>
		<dict>
			<key>fileRef</key>
			<string>172E832E177F5C4900D25532</string>
			<key>isa</key>
			<string>PBXBuildFile</string>
		</dict>
		<key>172E8331177F5C4900D25532</key>
		<dict>
			<key>isa</key>
			<string>PBXFileReference</string>
			<key>lastKnownFileType</key>
			<string>sourcecode.c.objc</string>
			<key>path</key>
			<string>OrnamentTests.m</string>
			<key>sourceTree</key>
			<string>&lt;group&gt;</string>
		</dict>
		<key>172E8332177F5C4900D25532</key>
		<dict>
			<key>fileRef</key>
			<string>172E8331177F5C4900D25532</string>
			<key>isa</key>
			<string>PBXBuildFile</string>
		</dict>
		<key>172E8333177F5C4900D25532</key>
		<dict>
			<key>buildSettings</key>
			<dict>
				<key>ALWAYS_SEARCH_USER_PATHS</key>
				<string>NO</string>
				<key>CLANG_CXX_LANGUAGE_STANDARD</key>
				<string>gnu++0x</string>
				<key>CLANG_CXX_LIBRARY</key>
				<string>libc++</string>
				<key>CLANG_ENABLE_MODULES</key>
				<string>YES</string>
				<key>CLANG_ENABLE_OBJC_ARC</key>
				<string>YES</string>
				<key>CLANG_WARN_BOOL_CONVERSION</key>
				<string>YES</string>
				<key>CLANG_WARN_CONSTANT_CONVERSION</key>
				<string>YES</string>
				<key>CLANG_WARN_DIRECT_OBJC_ISA_USAGE</key>
				<string>YES_ERROR</string>
				<key>CLANG_WARN_EMPTY_BODY</key>
				<string>YES</string>
				<key>CLANG_WARN_ENUM_CONVERSION</key>
				<string>YES</string>
				<key>CLANG_WARN_INT_CONVERSION</key>
				<string>YES</string>
				<key>CLANG_WARN_OBJC_ROOT_CLASS</key>
				<string>YES_ERROR</string>
				<key>CLANG_WARN__DUPLICATE_METHOD_MATCH</key>
				<string>YES</string>
				<key>CODE_SIGN_IDENTITY[sdk=iphoneos*]</key>
				<string>iPhone Developer</string>
				<key>COPY_PHASE_STRIP</key>
				<string>NO</string>
				<key>GCC_C_LANGUAGE_STANDARD</key>
				<string>gnu99</string>
				<key>GCC_DYNAMIC_NO_PIC</key>
				<string>NO</string>
				<key>GCC_OPTIMIZATION_LEVEL</key>
				<string>0</string>
				<key>GCC_PREPROCESSOR_DEFINITIONS</key>
				<array>
					<string>DEBUG=1</string>
					<string>$(inherited)</string>
				</array>
				<key>GCC_SYMBOLS_PRIVATE_EXTERN</key>
				<string>NO</string>
				<key>GCC_WARN_ABOUT_RETURN_TYPE</key>
				<string>YES_ERROR</string>
				<key>GCC_WARN_UNDECLARED_SELECTOR</key>
				<string>YES</string>
				<key>GCC_WARN_UNINITIALIZED_AUTOS</key>
				<string>YES</string>
				<key>GCC_WARN_UNUSED_FUNCTION</key>
				<string>YES</string>
				<key>GCC_WARN_UNUSED_VARIABLE</key>
				<string>YES</string>
				<key>IPHONEOS_DEPLOYMENT_TARGET</key>
				<string>7.0</string>
				<key>ONLY_ACTIVE_ARCH</key>
				<string>YES</string>
				<key>SDKROOT</key>
				<string>iphoneos</string>
			</dict>
			<key>isa</key>
			<string>XCBuildConfiguration</string>
			<key>name</key>
			<string>Debug</string>
		</dict>
		<key>172E8334177F5C4900D25532</key>
		<dict>
			<key>buildSettings</key>
			<dict>
				<key>ALWAYS_SEARCH_USER_PATHS</key>
				<string>NO</string>
				<key>CLANG_CXX_LANGUAGE_STANDARD</key>
				<string>gnu++0x</string>
				<key>CLANG_CXX_LIBRARY</key>
				<string>libc++</string>
				<key>CLANG_ENABLE_MODULES</key>
				<string>YES</string>
				<key>CLANG_ENABLE_OBJC_ARC</key>
				<string>YES</string>
				<key>CLANG_WARN_BOOL_CONVERSION</key>
				<string>YES</string>
				<key>CLANG_WARN_CONSTANT_CONVERSION</key>
				<string>YES</string>
				<key>CLANG_WARN_DIRECT_OBJC_ISA_USAGE</key>
				<string>YES_ERROR</string>
				<key>CLANG_WARN_EMPTY_BODY</key>
				<string>YES</string>
				<key>CLANG_WARN_ENUM_CONVERSION</key>
				<string>YES</string>
				<key>CLANG_WARN_INT_CONVERSION</key>
				<string>YES</string>
				<key>CLANG_WARN_OBJC_ROOT_CLASS</key>
				<string>YES_ERROR</string>
				<key>CLANG_WARN__DUPLICATE_METHOD_MATCH</key>
				<string>YES</string>
				<key>CODE_SIGN_IDENTITY[sdk=iphoneos*]</key>
				<string>iPhone Developer</string>
				<key>COPY_PHASE_STRIP</key>
				<string>YES</string>
				<key>ENABLE_NS_ASSERTIONS</key>
				<string>NO</string>
				<key>GCC_C_LANGUAGE_STANDARD</key>
				<string>gnu99</string>
				<key>GCC_WARN_ABOUT_RETURN_TYPE</key>
				<string>YES_ERROR</string>
				<key>GCC_WARN_UNDECLARED_SELECTOR</key>
				<string>YES</string>
				<key>GCC_WARN_UNINITIALIZED_AUTOS</key>
				<string>YES</string>
				<key>GCC_WARN_UNUSED_FUNCTION</key>
				<string>YES</string>
				<key>GCC_WARN_UNUSED_VARIABLE</key>
				<string>YES</string>
				<key>IPHONEOS_DEPLOYMENT_TARGET</key>
				<string>7.0</string>
				<key>SDKROOT</key>
				<string>iphoneos</string>
				<key>VALIDATE_PRODUCT</key>
				<string>YES</string>
			</dict>
			<key>isa</key>
			<string>XCBuildConfiguration</string>
			<key>name</key>
			<string>Release</string>
		</dict>
		<key>172E8335177F5C4900D25532</key>
		<dict>
			<key>buildConfigurations</key>
			<array>
				<string>172E8336177F5C4900D25532</string>
				<string>172E8337177F5C4900D25532</string>
			</array>
			<key>defaultConfigurationIsVisible</key>
			<string>0</string>
			<key>defaultConfigurationName</key>
			<string>Release</string>
			<key>isa</key>
			<string>XCConfigurationList</string>
		</dict>
		<key>172E8336177F5C4900D25532</key>
		<dict>
			<key>baseConfigurationReference</key>
			<string>DA9156BEB2E04AD58DE5ED20</string>
			<key>buildSettings</key>
			<dict>
				<key>ASSETCATALOG_COMPILER_APPICON_NAME</key>
				<string>AppIcon</string>
				<key>ASSETCATALOG_COMPILER_LAUNCHIMAGE_NAME</key>
				<string>LaunchImage</string>
				<key>CODE_SIGN_IDENTITY</key>
				<string>iPhone Developer</string>
				<key>CODE_SIGN_IDENTITY[sdk=iphoneos*]</key>
				<string>iPhone Developer</string>
				<key>GCC_PRECOMPILE_PREFIX_HEADER</key>
				<string>YES</string>
				<key>GCC_PREFIX_HEADER</key>
				<string>Ornament/Ornament-Prefix.pch</string>
				<key>INFOPLIST_FILE</key>
				<string>Ornament/Ornament-Info.plist</string>
				<key>IPHONEOS_DEPLOYMENT_TARGET</key>
				<string>6.1</string>
				<key>PRODUCT_NAME</key>
				<string>$(TARGET_NAME)</string>
				<key>PROVISIONING_PROFILE</key>
				<string></string>
				<key>WRAPPER_EXTENSION</key>
				<string>app</string>
			</dict>
			<key>isa</key>
			<string>XCBuildConfiguration</string>
			<key>name</key>
			<string>Debug</string>
		</dict>
		<key>172E8337177F5C4900D25532</key>
		<dict>
			<key>baseConfigurationReference</key>
			<string>DA9156BEB2E04AD58DE5ED20</string>
			<key>buildSettings</key>
			<dict>
				<key>ASSETCATALOG_COMPILER_APPICON_NAME</key>
				<string>AppIcon</string>
				<key>ASSETCATALOG_COMPILER_LAUNCHIMAGE_NAME</key>
				<string>LaunchImage</string>
				<key>CODE_SIGN_IDENTITY</key>
				<string>iPhone Developer</string>
				<key>CODE_SIGN_IDENTITY[sdk=iphoneos*]</key>
				<string>iPhone Developer</string>
				<key>GCC_PRECOMPILE_PREFIX_HEADER</key>
				<string>YES</string>
				<key>GCC_PREFIX_HEADER</key>
				<string>Ornament/Ornament-Prefix.pch</string>
				<key>INFOPLIST_FILE</key>
				<string>Ornament/Ornament-Info.plist</string>
				<key>IPHONEOS_DEPLOYMENT_TARGET</key>
				<string>6.1</string>
				<key>PRODUCT_NAME</key>
				<string>$(TARGET_NAME)</string>
				<key>PROVISIONING_PROFILE</key>
				<string></string>
				<key>WRAPPER_EXTENSION</key>
				<string>app</string>
			</dict>
			<key>isa</key>
			<string>XCBuildConfiguration</string>
			<key>name</key>
			<string>Release</string>
		</dict>
		<key>172E8338177F5C4900D25532</key>
		<dict>
			<key>buildConfigurations</key>
			<array>
				<string>172E8339177F5C4900D25532</string>
				<string>172E833A177F5C4900D25532</string>
			</array>
			<key>defaultConfigurationIsVisible</key>
			<string>0</string>
			<key>defaultConfigurationName</key>
			<string>Release</string>
			<key>isa</key>
			<string>XCConfigurationList</string>
		</dict>
		<key>172E8339177F5C4900D25532</key>
		<dict>
			<key>buildSettings</key>
			<dict>
				<key>BUNDLE_LOADER</key>
				<string>$(BUILT_PRODUCTS_DIR)/Ornament.app/Ornament</string>
				<key>FRAMEWORK_SEARCH_PATHS</key>
				<array>
					<string>$(SDKROOT)/Developer/Library/Frameworks</string>
					<string>$(inherited)</string>
					<string>$(SYSTEM_APPS_DIR)/Xcode5-DP.app/Contents/Developer/Library/Frameworks</string>
				</array>
				<key>GCC_PRECOMPILE_PREFIX_HEADER</key>
				<string>YES</string>
				<key>GCC_PREFIX_HEADER</key>
				<string>Ornament/Ornament-Prefix.pch</string>
				<key>GCC_PREPROCESSOR_DEFINITIONS</key>
				<array>
					<string>DEBUG=1</string>
					<string>$(inherited)</string>
				</array>
				<key>INFOPLIST_FILE</key>
				<string>OrnamentTests/OrnamentTests-Info.plist</string>
				<key>PRODUCT_NAME</key>
				<string>$(TARGET_NAME)</string>
				<key>TEST_HOST</key>
				<string>$(BUNDLE_LOADER)</string>
				<key>WRAPPER_EXTENSION</key>
				<string>xctest</string>
			</dict>
			<key>isa</key>
			<string>XCBuildConfiguration</string>
			<key>name</key>
			<string>Debug</string>
		</dict>
		<key>172E833A177F5C4900D25532</key>
		<dict>
			<key>buildSettings</key>
			<dict>
				<key>BUNDLE_LOADER</key>
				<string>$(BUILT_PRODUCTS_DIR)/Ornament.app/Ornament</string>
				<key>FRAMEWORK_SEARCH_PATHS</key>
				<array>
					<string>$(SDKROOT)/Developer/Library/Frameworks</string>
					<string>$(inherited)</string>
					<string>$(SYSTEM_APPS_DIR)/Xcode5-DP.app/Contents/Developer/Library/Frameworks</string>
				</array>
				<key>GCC_PRECOMPILE_PREFIX_HEADER</key>
				<string>YES</string>
				<key>GCC_PREFIX_HEADER</key>
				<string>Ornament/Ornament-Prefix.pch</string>
				<key>INFOPLIST_FILE</key>
				<string>OrnamentTests/OrnamentTests-Info.plist</string>
				<key>PRODUCT_NAME</key>
				<string>$(TARGET_NAME)</string>
				<key>TEST_HOST</key>
				<string>$(BUNDLE_LOADER)</string>
				<key>WRAPPER_EXTENSION</key>
				<string>xctest</string>
			</dict>
			<key>isa</key>
			<string>XCBuildConfiguration</string>
			<key>name</key>
			<string>Release</string>
		</dict>
		<key>172E833B177F5CE100D25532</key>
		<dict>
			<key>isa</key>
			<string>PBXFileReference</string>
			<key>lastKnownFileType</key>
			<string>sourcecode.c.h</string>
			<key>path</key>
			<string>ORNTableViewCell.h</string>
			<key>sourceTree</key>
			<string>&lt;group&gt;</string>
		</dict>
		<key>172E833C177F5CE100D25532</key>
		<dict>
			<key>isa</key>
			<string>PBXFileReference</string>
			<key>lastKnownFileType</key>
			<string>sourcecode.c.objc</string>
			<key>path</key>
			<string>ORNTableViewCell.m</string>
			<key>sourceTree</key>
			<string>&lt;group&gt;</string>
		</dict>
		<key>172E833D177FA67F00D25532</key>
		<dict>
			<key>fileRef</key>
			<string>172E833C177F5CE100D25532</string>
			<key>isa</key>
			<string>PBXBuildFile</string>
		</dict>
		<key>1743FFFA177FB07D00EE55D2</key>
		<dict>
			<key>fileEncoding</key>
			<string>4</string>
			<key>isa</key>
			<string>PBXFileReference</string>
			<key>lastKnownFileType</key>
			<string>sourcecode.c.h</string>
			<key>path</key>
			<string>ORNTableViewController.h</string>
			<key>sourceTree</key>
			<string>&lt;group&gt;</string>
		</dict>
		<key>1743FFFB177FB07D00EE55D2</key>
		<dict>
			<key>fileEncoding</key>
			<string>4</string>
			<key>isa</key>
			<string>PBXFileReference</string>
			<key>lastKnownFileType</key>
			<string>sourcecode.c.objc</string>
			<key>path</key>
			<string>ORNTableViewController.m</string>
			<key>sourceTree</key>
			<string>&lt;group&gt;</string>
		</dict>
		<key>1743FFFC177FB07D00EE55D2</key>
		<dict>
			<key>fileRef</key>
			<string>1743FFFB177FB07D00EE55D2</string>
			<key>isa</key>
			<string>PBXBuildFile</string>
		</dict>
		<key>177E603D177FEA6A009486B4</key>
		<dict>
			<key>fileEncoding</key>
			<string>4</string>
			<key>isa</key>
			<string>PBXFileReference</string>
			<key>lastKnownFileType</key>
			<string>sourcecode.c.h</string>
			<key>path</key>
			<string>UIFont+ORNSystem.h</string>
			<key>sourceTree</key>
			<string>&lt;group&gt;</string>
		</dict>
		<key>177E603E177FEA6A009486B4</key>
		<dict>
			<key>fileEncoding</key>
			<string>4</string>
			<key>isa</key>
			<string>PBXFileReference</string>
			<key>lastKnownFileType</key>
			<string>sourcecode.c.objc</string>
			<key>path</key>
			<string>UIFont+ORNSystem.m</string>
			<key>sourceTree</key>
			<string>&lt;group&gt;</string>
		</dict>
		<key>177E603F177FEA6A009486B4</key>
		<dict>
			<key>fileRef</key>
			<string>177E603E177FEA6A009486B4</string>
			<key>isa</key>
			<string>PBXBuildFile</string>
		</dict>
		<key>177E6043177FFE03009486B4</key>
		<dict>
			<key>fileEncoding</key>
			<string>4</string>
			<key>isa</key>
			<string>PBXFileReference</string>
			<key>lastKnownFileType</key>
			<string>sourcecode.c.h</string>
			<key>path</key>
			<string>UIColor+ORNAdditions.h</string>
			<key>sourceTree</key>
			<string>&lt;group&gt;</string>
		</dict>
		<key>177E6044177FFE03009486B4</key>
		<dict>
			<key>fileEncoding</key>
			<string>4</string>
			<key>isa</key>
			<string>PBXFileReference</string>
			<key>lastKnownFileType</key>
			<string>sourcecode.c.objc</string>
			<key>path</key>
			<string>UIColor+ORNAdditions.m</string>
			<key>sourceTree</key>
			<string>&lt;group&gt;</string>
		</dict>
		<key>177E6045177FFE03009486B4</key>
		<dict>
			<key>fileRef</key>
			<string>177E6044177FFE03009486B4</string>
			<key>isa</key>
			<string>PBXBuildFile</string>
		</dict>
		<key>177E604617800317009486B4</key>
		<dict>
			<key>fileEncoding</key>
			<string>4</string>
			<key>isa</key>
			<string>PBXFileReference</string>
			<key>lastKnownFileType</key>
			<string>sourcecode.c.h</string>
			<key>name</key>
			<string>ORNDemoTableViewController.h</string>
			<key>path</key>
			<string>Ornament/ORNDemoTableViewController.h</string>
			<key>sourceTree</key>
			<string>&lt;group&gt;</string>
		</dict>
		<key>177E604717800317009486B4</key>
		<dict>
			<key>fileEncoding</key>
			<string>4</string>
			<key>isa</key>
			<string>PBXFileReference</string>
			<key>lastKnownFileType</key>
			<string>sourcecode.c.objc</string>
			<key>name</key>
			<string>ORNDemoTableViewController.m</string>
			<key>path</key>
			<string>Ornament/ORNDemoTableViewController.m</string>
			<key>sourceTree</key>
			<string>&lt;group&gt;</string>
		</dict>
		<key>177E604817800317009486B4</key>
		<dict>
			<key>fileRef</key>
			<string>177E604717800317009486B4</string>
			<key>isa</key>
			<string>PBXBuildFile</string>
		</dict>
		<key>17BCF89117ADDBF8006C5775</key>
		<dict>
			<key>fileEncoding</key>
			<string>4</string>
			<key>isa</key>
			<string>PBXFileReference</string>
			<key>lastKnownFileType</key>
			<string>sourcecode.c.h</string>
			<key>path</key>
			<string>ORNColorable.h</string>
			<key>sourceTree</key>
			<string>&lt;group&gt;</string>
		</dict>
		<key>17CFB46C18255A9F00A63485</key>
		<dict>
			<key>children</key>
			<array>
				<string>17BCF89117ADDBF8006C5775</string>
				<string>17CFB47C18255EA300A63485</string>
				<string>17CFB47D18255EA300A63485</string>
				<string>17CFB46D18255B0500A63485</string>
				<string>17CFB46E18255B0500A63485</string>
				<string>17CFB47018255CD300A63485</string>
				<string>17CFB47118255CD300A63485</string>
				<string>17CFB47618255DCD00A63485</string>
				<string>17CFB47718255DCD00A63485</string>
				<string>4507A57317A0BCCA00C63494</string>
				<string>4507A57417A0BCCA00C63494</string>
				<string>4553F387184A476800392DB9</string>
				<string>17CFB47F18255EFF00A63485</string>
				<string>17CFB48018255EFF00A63485</string>
				<string>17CFB47318255D8F00A63485</string>
				<string>17CFB47418255D8F00A63485</string>
				<string>17CFB47918255E3200A63485</string>
				<string>17CFB47A18255E3200A63485</string>
			</array>
			<key>isa</key>
			<string>PBXGroup</string>
			<key>name</key>
			<string>Ornamentation</string>
			<key>sourceTree</key>
			<string>&lt;group&gt;</string>
		</dict>
		<key>17CFB46D18255B0500A63485</key>
		<dict>
			<key>fileEncoding</key>
			<string>4</string>
			<key>isa</key>
			<string>PBXFileReference</string>
			<key>lastKnownFileType</key>
			<string>sourcecode.c.h</string>
			<key>path</key>
			<string>ORNLayer.h</string>
			<key>sourceTree</key>
			<string>&lt;group&gt;</string>
		</dict>
		<key>17CFB46E18255B0500A63485</key>
		<dict>
			<key>fileEncoding</key>
			<string>4</string>
			<key>isa</key>
			<string>PBXFileReference</string>
			<key>lastKnownFileType</key>
			<string>sourcecode.c.objc</string>
			<key>path</key>
			<string>ORNLayer.m</string>
			<key>sourceTree</key>
			<string>&lt;group&gt;</string>
		</dict>
		<key>17CFB46F18255B0500A63485</key>
		<dict>
			<key>fileRef</key>
			<string>17CFB46E18255B0500A63485</string>
			<key>isa</key>
			<string>PBXBuildFile</string>
		</dict>
		<key>17CFB47018255CD300A63485</key>
		<dict>
			<key>fileEncoding</key>
			<string>4</string>
			<key>isa</key>
			<string>PBXFileReference</string>
			<key>lastKnownFileType</key>
			<string>sourcecode.c.h</string>
			<key>path</key>
			<string>ORNLayout.h</string>
			<key>sourceTree</key>
			<string>&lt;group&gt;</string>
		</dict>
		<key>17CFB47118255CD300A63485</key>
		<dict>
			<key>fileEncoding</key>
			<string>4</string>
			<key>isa</key>
			<string>PBXFileReference</string>
			<key>lastKnownFileType</key>
			<string>sourcecode.c.objc</string>
			<key>path</key>
			<string>ORNLayout.m</string>
			<key>sourceTree</key>
			<string>&lt;group&gt;</string>
		</dict>
		<key>17CFB47218255CD300A63485</key>
		<dict>
			<key>fileRef</key>
			<string>17CFB47118255CD300A63485</string>
			<key>isa</key>
			<string>PBXBuildFile</string>
		</dict>
		<key>17CFB47318255D8F00A63485</key>
		<dict>
			<key>fileEncoding</key>
			<string>4</string>
			<key>isa</key>
			<string>PBXFileReference</string>
			<key>lastKnownFileType</key>
			<string>sourcecode.c.h</string>
			<key>path</key>
			<string>ORNShadow.h</string>
			<key>sourceTree</key>
			<string>&lt;group&gt;</string>
		</dict>
		<key>17CFB47418255D8F00A63485</key>
		<dict>
			<key>fileEncoding</key>
			<string>4</string>
			<key>isa</key>
			<string>PBXFileReference</string>
			<key>lastKnownFileType</key>
			<string>sourcecode.c.objc</string>
			<key>path</key>
			<string>ORNShadow.m</string>
			<key>sourceTree</key>
			<string>&lt;group&gt;</string>
		</dict>
		<key>17CFB47518255D8F00A63485</key>
		<dict>
			<key>fileRef</key>
			<string>17CFB47418255D8F00A63485</string>
			<key>isa</key>
			<string>PBXBuildFile</string>
		</dict>
		<key>17CFB47618255DCD00A63485</key>
		<dict>
			<key>fileEncoding</key>
			<string>4</string>
			<key>isa</key>
			<string>PBXFileReference</string>
			<key>lastKnownFileType</key>
			<string>sourcecode.c.h</string>
			<key>path</key>
			<string>ORNLine.h</string>
			<key>sourceTree</key>
			<string>&lt;group&gt;</string>
		</dict>
		<key>17CFB47718255DCD00A63485</key>
		<dict>
			<key>fileEncoding</key>
			<string>4</string>
			<key>isa</key>
			<string>PBXFileReference</string>
			<key>lastKnownFileType</key>
			<string>sourcecode.c.objc</string>
			<key>path</key>
			<string>ORNLine.m</string>
			<key>sourceTree</key>
			<string>&lt;group&gt;</string>
		</dict>
		<key>17CFB47818255DCD00A63485</key>
		<dict>
			<key>fileRef</key>
			<string>17CFB47718255DCD00A63485</string>
			<key>isa</key>
			<string>PBXBuildFile</string>
		</dict>
		<key>17CFB47918255E3200A63485</key>
		<dict>
			<key>fileEncoding</key>
			<string>4</string>
			<key>isa</key>
			<string>PBXFileReference</string>
			<key>lastKnownFileType</key>
			<string>sourcecode.c.h</string>
			<key>path</key>
			<string>ORNShadowLayer.h</string>
			<key>sourceTree</key>
			<string>&lt;group&gt;</string>
		</dict>
		<key>17CFB47A18255E3200A63485</key>
		<dict>
			<key>fileEncoding</key>
			<string>4</string>
			<key>isa</key>
			<string>PBXFileReference</string>
			<key>lastKnownFileType</key>
			<string>sourcecode.c.objc</string>
			<key>path</key>
			<string>ORNShadowLayer.m</string>
			<key>sourceTree</key>
			<string>&lt;group&gt;</string>
		</dict>
		<key>17CFB47B18255E3200A63485</key>
		<dict>
			<key>fileRef</key>
			<string>17CFB47A18255E3200A63485</string>
			<key>isa</key>
			<string>PBXBuildFile</string>
		</dict>
		<key>17CFB47C18255EA300A63485</key>
		<dict>
			<key>fileEncoding</key>
			<string>4</string>
			<key>isa</key>
			<string>PBXFileReference</string>
			<key>lastKnownFileType</key>
			<string>sourcecode.c.h</string>
			<key>path</key>
			<string>ORNGradientLayer.h</string>
			<key>sourceTree</key>
			<string>&lt;group&gt;</string>
		</dict>
		<key>17CFB47D18255EA300A63485</key>
		<dict>
			<key>fileEncoding</key>
			<string>4</string>
			<key>isa</key>
			<string>PBXFileReference</string>
			<key>lastKnownFileType</key>
			<string>sourcecode.c.objc</string>
			<key>path</key>
			<string>ORNGradientLayer.m</string>
			<key>sourceTree</key>
			<string>&lt;group&gt;</string>
		</dict>
		<key>17CFB47E18255EA300A63485</key>
		<dict>
			<key>fileRef</key>
			<string>17CFB47D18255EA300A63485</string>
			<key>isa</key>
			<string>PBXBuildFile</string>
		</dict>
		<key>17CFB47F18255EFF00A63485</key>
		<dict>
			<key>fileEncoding</key>
			<string>4</string>
			<key>isa</key>
			<string>PBXFileReference</string>
			<key>lastKnownFileType</key>
			<string>sourcecode.c.h</string>
			<key>path</key>
			<string>ORNPath.h</string>
			<key>sourceTree</key>
			<string>&lt;group&gt;</string>
		</dict>
		<key>17CFB48018255EFF00A63485</key>
		<dict>
			<key>fileEncoding</key>
			<string>4</string>
			<key>isa</key>
			<string>PBXFileReference</string>
			<key>lastKnownFileType</key>
			<string>sourcecode.c.objc</string>
			<key>path</key>
			<string>ORNPath.m</string>
			<key>sourceTree</key>
			<string>&lt;group&gt;</string>
		</dict>
		<key>17CFB48118255EFF00A63485</key>
		<dict>
			<key>fileRef</key>
			<string>17CFB48018255EFF00A63485</string>
			<key>isa</key>
			<string>PBXBuildFile</string>
		</dict>
		<key>17CFB4821825615600A63485</key>
		<dict>
			<key>children</key>
			<array>
				<string>4583E44017B9C5B900EF6DF6</string>
				<string>4583E44117B9C5B900EF6DF6</string>
			</array>
			<key>isa</key>
			<string>PBXGroup</string>
			<key>name</key>
			<string>Controls</string>
			<key>sourceTree</key>
			<string>&lt;group&gt;</string>
		</dict>
		<key>17CFB4831825616F00A63485</key>
		<dict>
			<key>children</key>
			<array>
				<string>45E9345F184BFD9A00CBF9F6</string>
				<string>45E93460184BFD9A00CBF9F6</string>
				<string>45B5EBCB1848281F0097A7B6</string>
				<string>45B5EBCC1848281F0097A7B6</string>
				<string>45C3798E1839AE2F00997F3F</string>
				<string>45C3798F1839AE2F00997F3F</string>
				<string>45C28689179512B40081564A</string>
				<string>45C2868A179512B40081564A</string>
				<string>172E833B177F5CE100D25532</string>
				<string>172E833C177F5CE100D25532</string>
				<string>45B495B41786286B00341BB9</string>
				<string>4556433A1799271900339505</string>
				<string>17CFB48C1825632C00A63485</string>
				<string>17CFB48D1825632C00A63485</string>
				<string>4556433C1799279700339505</string>
				<string>4527B21117B0611C00B71580</string>
				<string>45C2A39F183A6C7E00A3A529</string>
				<string>45C2A3A0183A6C7E00A3A529</string>
			</array>
			<key>isa</key>
			<string>PBXGroup</string>
			<key>name</key>
			<string>Views</string>
			<key>sourceTree</key>
			<string>&lt;group&gt;</string>
		</dict>
		<key>17CFB4841825619300A63485</key>
		<dict>
			<key>children</key>
			<array>
				<string>45B5EBCE18482BEC0097A7B6</string>
				<string>45B5EBCF18482BEC0097A7B6</string>
				<string>1743FFFA177FB07D00EE55D2</string>
				<string>1743FFFB177FB07D00EE55D2</string>
			</array>
			<key>isa</key>
			<string>PBXGroup</string>
			<key>name</key>
			<string>View Controllers</string>
			<key>sourceTree</key>
			<string>&lt;group&gt;</string>
		</dict>
		<key>17CFB485182561CD00A63485</key>
		<dict>
			<key>children</key>
			<array>
				<string>450953E817990148009B4F0F</string>
				<string>450953E917990148009B4F0F</string>
			</array>
			<key>isa</key>
			<string>PBXGroup</string>
			<key>name</key>
			<string>Device</string>
			<key>sourceTree</key>
			<string>&lt;group&gt;</string>
		</dict>
		<key>17CFB486182561DD00A63485</key>
		<dict>
			<key>children</key>
			<array>
				<string>177E603D177FEA6A009486B4</string>
				<string>177E603E177FEA6A009486B4</string>
			</array>
			<key>isa</key>
			<string>PBXGroup</string>
			<key>name</key>
			<string>Font</string>
			<key>sourceTree</key>
			<string>&lt;group&gt;</string>
		</dict>
		<key>17CFB487182561EC00A63485</key>
		<dict>
			<key>children</key>
			<array>
				<string>45D05B12179C607A00DB5763</string>
				<string>45D05B13179C607A00DB5763</string>
				<string>177E6043177FFE03009486B4</string>
				<string>177E6044177FFE03009486B4</string>
			</array>
			<key>isa</key>
			<string>PBXGroup</string>
			<key>name</key>
			<string>Color</string>
			<key>sourceTree</key>
			<string>&lt;group&gt;</string>
		</dict>
		<key>17CFB488182561FE00A63485</key>
		<dict>
			<key>children</key>
			<array>
				<string>456D895E17B9454700344F90</string>
				<string>456D895F17B9454700344F90</string>
			</array>
			<key>isa</key>
			<string>PBXGroup</string>
			<key>name</key>
			<string>Application</string>
			<key>sourceTree</key>
			<string>&lt;group&gt;</string>
		</dict>
		<key>17CFB4891825624500A63485</key>
		<dict>
			<key>children</key>
			<array>
				<string>4583E44317B9C69600EF6DF6</string>
			</array>
			<key>isa</key>
			<string>PBXGroup</string>
			<key>name</key>
			<string>Models</string>
			<key>sourceTree</key>
			<string>&lt;group&gt;</string>
		</dict>
		<key>17CFB48C1825632C00A63485</key>
		<dict>
			<key>fileEncoding</key>
			<string>4</string>
			<key>isa</key>
			<string>PBXFileReference</string>
			<key>lastKnownFileType</key>
			<string>sourcecode.c.h</string>
			<key>path</key>
			<string>ORNTableViewCellContainerView.h</string>
			<key>sourceTree</key>
			<string>&lt;group&gt;</string>
		</dict>
		<key>17CFB48D1825632C00A63485</key>
		<dict>
			<key>fileEncoding</key>
			<string>4</string>
			<key>isa</key>
			<string>PBXFileReference</string>
			<key>lastKnownFileType</key>
			<string>sourcecode.c.objc</string>
			<key>path</key>
			<string>ORNTableViewCellContainerView.m</string>
			<key>sourceTree</key>
			<string>&lt;group&gt;</string>
		</dict>
		<key>17CFB48E1825632C00A63485</key>
		<dict>
			<key>fileRef</key>
			<string>17CFB48D1825632C00A63485</string>
			<key>isa</key>
			<string>PBXBuildFile</string>
		</dict>
		<key>34D4D65786FB4F47A5A71ACC</key>
		<dict>
			<key>buildActionMask</key>
			<string>2147483647</string>
			<key>files</key>
			<array/>
			<key>inputPaths</key>
			<array/>
			<key>isa</key>
			<string>PBXShellScriptBuildPhase</string>
			<key>name</key>
			<string>Copy Pods Resources</string>
			<key>outputPaths</key>
			<array/>
			<key>runOnlyForDeploymentPostprocessing</key>
			<string>0</string>
			<key>shellPath</key>
			<string>/bin/sh</string>
			<key>shellScript</key>
			<string>"${SRCROOT}/Pods/Pods-resources.sh"
</string>
			<key>showEnvVarsInLog</key>
			<string>0</string>
		</dict>
		<key>4507A57317A0BCCA00C63494</key>
		<dict>
			<key>isa</key>
			<string>PBXFileReference</string>
			<key>lastKnownFileType</key>
			<string>sourcecode.c.h</string>
			<key>path</key>
			<string>ORNOrnament.h</string>
			<key>sourceTree</key>
			<string>&lt;group&gt;</string>
		</dict>
		<key>4507A57417A0BCCA00C63494</key>
		<dict>
			<key>isa</key>
			<string>PBXFileReference</string>
			<key>lastKnownFileType</key>
			<string>sourcecode.c.objc</string>
			<key>path</key>
			<string>ORNOrnament.m</string>
			<key>sourceTree</key>
			<string>&lt;group&gt;</string>
		</dict>
		<key>450953E61798E5C9009B4F0F</key>
		<dict>
			<key>isa</key>
			<string>PBXFileReference</string>
			<key>lastKnownFileType</key>
			<string>folder.assetcatalog</string>
			<key>path</key>
			<string>Images.xcassets</string>
			<key>sourceTree</key>
			<string>&lt;group&gt;</string>
		</dict>
		<key>450953E71798E5C9009B4F0F</key>
		<dict>
			<key>fileRef</key>
			<string>450953E61798E5C9009B4F0F</string>
			<key>isa</key>
			<string>PBXBuildFile</string>
		</dict>
		<key>450953E817990148009B4F0F</key>
		<dict>
			<key>fileEncoding</key>
			<string>4</string>
			<key>isa</key>
			<string>PBXFileReference</string>
			<key>lastKnownFileType</key>
			<string>sourcecode.c.h</string>
			<key>path</key>
			<string>UIDevice+ORNVersion.h</string>
			<key>sourceTree</key>
			<string>&lt;group&gt;</string>
		</dict>
		<key>450953E917990148009B4F0F</key>
		<dict>
			<key>fileEncoding</key>
			<string>4</string>
			<key>isa</key>
			<string>PBXFileReference</string>
			<key>lastKnownFileType</key>
			<string>sourcecode.c.objc</string>
			<key>path</key>
			<string>UIDevice+ORNVersion.m</string>
			<key>sourceTree</key>
			<string>&lt;group&gt;</string>
		</dict>
		<key>450953EA17990148009B4F0F</key>
		<dict>
			<key>fileRef</key>
			<string>450953E917990148009B4F0F</string>
			<key>isa</key>
			<string>PBXBuildFile</string>
		</dict>
		<key>450953EB17990415009B4F0F</key>
		<dict>
			<key>children</key>
			<array>
				<string>170ABAA917BA1142009B9969</string>
				<string>170ABAAA17BA1142009B9969</string>
				<string>45E93483184E421400CBF9F6</string>
				<string>45E93484184E421400CBF9F6</string>
				<string>45E9348C184E519E00CBF9F6</string>
				<string>45E9348F184E521600CBF9F6</string>
				<string>45E93491184E535E00CBF9F6</string>
				<string>45E93492184E535E00CBF9F6</string>
				<string>450953E61798E5C9009B4F0F</string>
			</array>
			<key>isa</key>
			<string>PBXGroup</string>
			<key>name</key>
			<string>Assets</string>
			<key>sourceTree</key>
			<string>&lt;group&gt;</string>
		</dict>
		<key>4527B21117B0611C00B71580</key>
		<dict>
			<key>fileEncoding</key>
			<string>4</string>
			<key>isa</key>
			<string>PBXFileReference</string>
			<key>lastKnownFileType</key>
			<string>sourcecode.c.h</string>
			<key>path</key>
			<string>ORNTableViewOrnaments.h</string>
			<key>sourceTree</key>
			<string>&lt;group&gt;</string>
		</dict>
		<key>4553F387184A476800392DB9</key>
		<dict>
			<key>fileEncoding</key>
			<string>4</string>
			<key>isa</key>
			<string>PBXFileReference</string>
			<key>lastKnownFileType</key>
			<string>sourcecode.c.h</string>
			<key>path</key>
			<string>ORNOrnamentMacros.h</string>
			<key>sourceTree</key>
			<string>&lt;group&gt;</string>
		</dict>
		<key>4556433A1799271900339505</key>
		<dict>
			<key>fileEncoding</key>
			<string>4</string>
			<key>isa</key>
			<string>PBXFileReference</string>
			<key>lastKnownFileType</key>
			<string>file.xib</string>
			<key>path</key>
			<string>ORNTableViewCellCollectionDark.xib</string>
			<key>sourceTree</key>
			<string>&lt;group&gt;</string>
		</dict>
		<key>4556433B1799271900339505</key>
		<dict>
			<key>fileRef</key>
			<string>4556433A1799271900339505</string>
			<key>isa</key>
			<string>PBXBuildFile</string>
		</dict>
		<key>4556433C1799279700339505</key>
		<dict>
			<key>isa</key>
			<string>PBXFileReference</string>
			<key>lastKnownFileType</key>
			<string>sourcecode.c.h</string>
			<key>path</key>
			<string>ORNTableViewConstants.h</string>
			<key>sourceTree</key>
			<string>&lt;group&gt;</string>
		</dict>
		<key>456D895E17B9454700344F90</key>
		<dict>
			<key>fileEncoding</key>
			<string>4</string>
			<key>isa</key>
			<string>PBXFileReference</string>
			<key>lastKnownFileType</key>
			<string>sourcecode.c.h</string>
			<key>path</key>
			<string>UIApplication+ORNStatusBar.h</string>
			<key>sourceTree</key>
			<string>&lt;group&gt;</string>
		</dict>
		<key>456D895F17B9454700344F90</key>
		<dict>
			<key>fileEncoding</key>
			<string>4</string>
			<key>isa</key>
			<string>PBXFileReference</string>
			<key>lastKnownFileType</key>
			<string>sourcecode.c.objc</string>
			<key>path</key>
			<string>UIApplication+ORNStatusBar.m</string>
			<key>sourceTree</key>
			<string>&lt;group&gt;</string>
		</dict>
		<key>456D896017B9454700344F90</key>
		<dict>
			<key>fileRef</key>
			<string>456D895F17B9454700344F90</string>
			<key>isa</key>
			<string>PBXBuildFile</string>
		</dict>
		<key>4583E44017B9C5B900EF6DF6</key>
		<dict>
			<key>fileEncoding</key>
			<string>4</string>
			<key>isa</key>
			<string>PBXFileReference</string>
			<key>lastKnownFileType</key>
			<string>sourcecode.c.h</string>
			<key>path</key>
			<string>ORNSwitch.h</string>
			<key>sourceTree</key>
			<string>&lt;group&gt;</string>
		</dict>
		<key>4583E44117B9C5B900EF6DF6</key>
		<dict>
			<key>fileEncoding</key>
			<string>4</string>
			<key>isa</key>
			<string>PBXFileReference</string>
			<key>lastKnownFileType</key>
			<string>sourcecode.c.objc</string>
			<key>path</key>
			<string>ORNSwitch.m</string>
			<key>sourceTree</key>
			<string>&lt;group&gt;</string>
		</dict>
		<key>4583E44217B9C5B900EF6DF6</key>
		<dict>
			<key>fileRef</key>
			<string>4583E44117B9C5B900EF6DF6</string>
			<key>isa</key>
			<string>PBXBuildFile</string>
		</dict>
		<key>4583E44317B9C69600EF6DF6</key>
		<dict>
			<key>fileEncoding</key>
			<string>4</string>
			<key>isa</key>
			<string>PBXFileReference</string>
			<key>lastKnownFileType</key>
			<string>sourcecode.c.h</string>
			<key>path</key>
			<string>ORNBoolean.h</string>
			<key>sourceTree</key>
			<string>&lt;group&gt;</string>
		</dict>
		<key>45B223941782072200CE5827</key>
		<dict>
			<key>isa</key>
			<string>PBXFileReference</string>
			<key>lastKnownFileType</key>
			<string>wrapper.framework</string>
			<key>name</key>
			<string>QuartzCore.framework</string>
			<key>path</key>
			<string>System/Library/Frameworks/QuartzCore.framework</string>
			<key>sourceTree</key>
			<string>SDKROOT</string>
		</dict>
		<key>45B223951782072200CE5827</key>
		<dict>
			<key>fileRef</key>
			<string>45B223941782072200CE5827</string>
			<key>isa</key>
			<string>PBXBuildFile</string>
		</dict>
		<key>45B495B41786286B00341BB9</key>
		<dict>
			<key>fileEncoding</key>
			<string>4</string>
			<key>isa</key>
			<string>PBXFileReference</string>
			<key>lastKnownFileType</key>
			<string>file.xib</string>
			<key>path</key>
			<string>ORNTableViewCellCollection.xib</string>
			<key>sourceTree</key>
			<string>&lt;group&gt;</string>
		</dict>
		<key>45B495B51786286B00341BB9</key>
		<dict>
			<key>fileRef</key>
			<string>45B495B41786286B00341BB9</string>
			<key>isa</key>
			<string>PBXBuildFile</string>
		</dict>
		<key>45B5EBCB1848281F0097A7B6</key>
		<dict>
			<key>fileEncoding</key>
			<string>4</string>
			<key>isa</key>
			<string>PBXFileReference</string>
			<key>lastKnownFileType</key>
			<string>sourcecode.c.h</string>
			<key>path</key>
			<string>ORNNavigationBar.h</string>
			<key>sourceTree</key>
			<string>&lt;group&gt;</string>
		</dict>
		<key>45B5EBCC1848281F0097A7B6</key>
		<dict>
			<key>fileEncoding</key>
			<string>4</string>
			<key>isa</key>
			<string>PBXFileReference</string>
			<key>lastKnownFileType</key>
			<string>sourcecode.c.objc</string>
			<key>path</key>
			<string>ORNNavigationBar.m</string>
			<key>sourceTree</key>
			<string>&lt;group&gt;</string>
		</dict>
		<key>45B5EBCD1848281F0097A7B6</key>
		<dict>
			<key>fileRef</key>
			<string>45B5EBCC1848281F0097A7B6</string>
			<key>isa</key>
			<string>PBXBuildFile</string>
		</dict>
		<key>45B5EBCE18482BEC0097A7B6</key>
		<dict>
			<key>fileEncoding</key>
			<string>4</string>
			<key>isa</key>
			<string>PBXFileReference</string>
			<key>lastKnownFileType</key>
			<string>sourcecode.c.h</string>
			<key>path</key>
			<string>ORNNavigationController.h</string>
			<key>sourceTree</key>
			<string>&lt;group&gt;</string>
		</dict>
		<key>45B5EBCF18482BEC0097A7B6</key>
		<dict>
			<key>fileEncoding</key>
			<string>4</string>
			<key>isa</key>
			<string>PBXFileReference</string>
			<key>lastKnownFileType</key>
			<string>sourcecode.c.objc</string>
			<key>path</key>
			<string>ORNNavigationController.m</string>
			<key>sourceTree</key>
			<string>&lt;group&gt;</string>
		</dict>
		<key>45B5EBD018482BEC0097A7B6</key>
		<dict>
			<key>fileRef</key>
			<string>45B5EBCF18482BEC0097A7B6</string>
			<key>isa</key>
			<string>PBXBuildFile</string>
		</dict>
		<key>45C28689179512B40081564A</key>
		<dict>
			<key>fileEncoding</key>
			<string>4</string>
			<key>isa</key>
			<string>PBXFileReference</string>
			<key>lastKnownFileType</key>
			<string>sourcecode.c.h</string>
			<key>path</key>
			<string>ORNTableView.h</string>
			<key>sourceTree</key>
			<string>&lt;group&gt;</string>
		</dict>
		<key>45C2868A179512B40081564A</key>
		<dict>
			<key>fileEncoding</key>
			<string>4</string>
			<key>isa</key>
			<string>PBXFileReference</string>
			<key>lastKnownFileType</key>
			<string>sourcecode.c.objc</string>
			<key>lineEnding</key>
			<string>0</string>
			<key>path</key>
			<string>ORNTableView.m</string>
			<key>sourceTree</key>
			<string>&lt;group&gt;</string>
			<key>xcLanguageSpecificationIdentifier</key>
			<string>xcode.lang.objc</string>
		</dict>
		<key>45C2868B179512B40081564A</key>
		<dict>
			<key>fileRef</key>
			<string>45C2868A179512B40081564A</string>
			<key>isa</key>
			<string>PBXBuildFile</string>
		</dict>
		<key>45C2A39F183A6C7E00A3A529</key>
		<dict>
			<key>fileEncoding</key>
			<string>4</string>
			<key>isa</key>
			<string>PBXFileReference</string>
			<key>lastKnownFileType</key>
			<string>sourcecode.c.h</string>
			<key>path</key>
			<string>ORNTableViewColor.h</string>
			<key>sourceTree</key>
			<string>&lt;group&gt;</string>
		</dict>
		<key>45C2A3A0183A6C7E00A3A529</key>
		<dict>
			<key>fileEncoding</key>
			<string>4</string>
			<key>isa</key>
			<string>PBXFileReference</string>
			<key>lastKnownFileType</key>
			<string>sourcecode.c.objc</string>
			<key>path</key>
			<string>ORNTableViewColor.m</string>
			<key>sourceTree</key>
			<string>&lt;group&gt;</string>
		</dict>
		<key>45C2A3A1183A6C7E00A3A529</key>
		<dict>
			<key>fileRef</key>
			<string>45C2A3A0183A6C7E00A3A529</string>
			<key>isa</key>
			<string>PBXBuildFile</string>
		</dict>
		<key>45C3798718393AE900997F3F</key>
		<dict>
			<key>fileEncoding</key>
			<string>4</string>
			<key>isa</key>
			<string>PBXFileReference</string>
			<key>lastKnownFileType</key>
			<string>sourcecode.c.h</string>
			<key>path</key>
			<string>ORNCaching.h</string>
			<key>sourceTree</key>
			<string>&lt;group&gt;</string>
		</dict>
		<key>45C3798A1839919E00997F3F</key>
		<dict>
			<key>children</key>
			<array>
				<string>45C3798718393AE900997F3F</string>
				<string>45C3798B183991AF00997F3F</string>
				<string>45C3798C183991AF00997F3F</string>
				<string>45C4EBEF1846B6BE0016FC7D</string>
				<string>45C4EBF01846B6BE0016FC7D</string>
			</array>
			<key>isa</key>
			<string>PBXGroup</string>
			<key>name</key>
			<string>Utilities</string>
			<key>sourceTree</key>
			<string>&lt;group&gt;</string>
		</dict>
		<key>45C3798B183991AF00997F3F</key>
		<dict>
			<key>fileEncoding</key>
			<string>4</string>
			<key>isa</key>
			<string>PBXFileReference</string>
			<key>lastKnownFileType</key>
			<string>sourcecode.c.h</string>
			<key>path</key>
			<string>ORNSwizzle.h</string>
			<key>sourceTree</key>
			<string>&lt;group&gt;</string>
		</dict>
		<key>45C3798C183991AF00997F3F</key>
		<dict>
			<key>fileEncoding</key>
			<string>4</string>
			<key>isa</key>
			<string>PBXFileReference</string>
			<key>lastKnownFileType</key>
			<string>sourcecode.c.objc</string>
			<key>path</key>
			<string>ORNSwizzle.m</string>
			<key>sourceTree</key>
			<string>&lt;group&gt;</string>
		</dict>
		<key>45C3798D183991AF00997F3F</key>
		<dict>
			<key>fileRef</key>
			<string>45C3798C183991AF00997F3F</string>
			<key>isa</key>
			<string>PBXBuildFile</string>
		</dict>
		<key>45C3798E1839AE2F00997F3F</key>
		<dict>
			<key>fileEncoding</key>
			<string>4</string>
			<key>isa</key>
			<string>PBXFileReference</string>
			<key>lastKnownFileType</key>
			<string>sourcecode.c.h</string>
			<key>path</key>
			<string>ORNTableHeaderView.h</string>
			<key>sourceTree</key>
			<string>&lt;group&gt;</string>
		</dict>
		<key>45C3798F1839AE2F00997F3F</key>
		<dict>
			<key>fileEncoding</key>
			<string>4</string>
			<key>isa</key>
			<string>PBXFileReference</string>
			<key>lastKnownFileType</key>
			<string>sourcecode.c.objc</string>
			<key>path</key>
			<string>ORNTableHeaderView.m</string>
			<key>sourceTree</key>
			<string>&lt;group&gt;</string>
		</dict>
		<key>45C379901839AE2F00997F3F</key>
		<dict>
			<key>fileRef</key>
			<string>45C3798F1839AE2F00997F3F</string>
			<key>isa</key>
			<string>PBXBuildFile</string>
		</dict>
		<key>45C4EBEF1846B6BE0016FC7D</key>
		<dict>
			<key>fileEncoding</key>
			<string>4</string>
			<key>isa</key>
			<string>PBXFileReference</string>
			<key>lastKnownFileType</key>
			<string>sourcecode.c.h</string>
			<key>path</key>
			<string>NSArray+ORNFunctional.h</string>
			<key>sourceTree</key>
			<string>&lt;group&gt;</string>
		</dict>
		<key>45C4EBF01846B6BE0016FC7D</key>
		<dict>
			<key>fileEncoding</key>
			<string>4</string>
			<key>isa</key>
			<string>PBXFileReference</string>
			<key>lastKnownFileType</key>
			<string>sourcecode.c.objc</string>
			<key>path</key>
			<string>NSArray+ORNFunctional.m</string>
			<key>sourceTree</key>
			<string>&lt;group&gt;</string>
		</dict>
		<key>45C4EBF11846B6BE0016FC7D</key>
		<dict>
			<key>fileRef</key>
			<string>45C4EBF01846B6BE0016FC7D</string>
			<key>isa</key>
			<string>PBXBuildFile</string>
		</dict>
		<key>45D05B12179C607A00DB5763</key>
		<dict>
			<key>fileEncoding</key>
			<string>4</string>
			<key>isa</key>
			<string>PBXFileReference</string>
			<key>lastKnownFileType</key>
			<string>sourcecode.c.h</string>
			<key>path</key>
			<string>KGNoise.h</string>
			<key>sourceTree</key>
			<string>&lt;group&gt;</string>
		</dict>
		<key>45D05B13179C607A00DB5763</key>
		<dict>
			<key>fileEncoding</key>
			<string>4</string>
			<key>isa</key>
			<string>PBXFileReference</string>
			<key>lastKnownFileType</key>
			<string>sourcecode.c.objc</string>
			<key>path</key>
			<string>KGNoise.m</string>
			<key>sourceTree</key>
			<string>&lt;group&gt;</string>
		</dict>
		<key>45D05B14179C607A00DB5763</key>
		<dict>
			<key>fileRef</key>
			<string>45D05B13179C607A00DB5763</string>
			<key>isa</key>
			<string>PBXBuildFile</string>
		</dict>
		<key>45E9345F184BFD9A00CBF9F6</key>
		<dict>
			<key>fileEncoding</key>
			<string>4</string>
			<key>isa</key>
			<string>PBXFileReference</string>
			<key>lastKnownFileType</key>
			<string>sourcecode.c.h</string>
			<key>path</key>
			<string>ORNAppearance.h</string>
			<key>sourceTree</key>
			<string>&lt;group&gt;</string>
		</dict>
		<key>45E93460184BFD9A00CBF9F6</key>
		<dict>
			<key>fileEncoding</key>
			<string>4</string>
			<key>isa</key>
			<string>PBXFileReference</string>
			<key>lastKnownFileType</key>
			<string>sourcecode.c.objc</string>
			<key>path</key>
			<string>ORNAppearance.m</string>
			<key>sourceTree</key>
			<string>&lt;group&gt;</string>
		</dict>
		<key>45E93461184BFD9A00CBF9F6</key>
		<dict>
			<key>fileRef</key>
			<string>45E93460184BFD9A00CBF9F6</string>
			<key>isa</key>
			<string>PBXBuildFile</string>
		</dict>
		<key>45E93483184E421400CBF9F6</key>
		<dict>
			<key>isa</key>
			<string>PBXFileReference</string>
			<key>lastKnownFileType</key>
			<string>image.png</string>
			<key>path</key>
			<string>icn_checkmark@2x.png</string>
			<key>sourceTree</key>
			<string>&lt;group&gt;</string>
		</dict>
		<key>45E93484184E421400CBF9F6</key>
		<dict>
			<key>isa</key>
			<string>PBXFileReference</string>
			<key>lastKnownFileType</key>
			<string>image.png</string>
			<key>path</key>
			<string>icn_checkmark.png</string>
			<key>sourceTree</key>
			<string>&lt;group&gt;</string>
		</dict>
		<key>45E93485184E421400CBF9F6</key>
		<dict>
			<key>fileRef</key>
			<string>45E93483184E421400CBF9F6</string>
			<key>isa</key>
			<string>PBXBuildFile</string>
		</dict>
		<key>45E93486184E421400CBF9F6</key>
		<dict>
			<key>fileRef</key>
			<string>45E93484184E421400CBF9F6</string>
			<key>isa</key>
			<string>PBXBuildFile</string>
		</dict>
		<key>45E9348C184E519E00CBF9F6</key>
		<dict>
			<key>isa</key>
			<string>PBXFileReference</string>
			<key>lastKnownFileType</key>
			<string>image.png</string>
			<key>path</key>
			<string>icn_chevron.png</string>
			<key>sourceTree</key>
			<string>&lt;group&gt;</string>
		</dict>
		<key>45E9348E184E519E00CBF9F6</key>
		<dict>
			<key>fileRef</key>
			<string>45E9348C184E519E00CBF9F6</string>
			<key>isa</key>
			<string>PBXBuildFile</string>
		</dict>
		<key>45E9348F184E521600CBF9F6</key>
		<dict>
			<key>isa</key>
			<string>PBXFileReference</string>
			<key>lastKnownFileType</key>
			<string>image.png</string>
			<key>path</key>
			<string>icn_chevron@2x.png</string>
			<key>sourceTree</key>
			<string>&lt;group&gt;</string>
		</dict>
		<key>45E93490184E521600CBF9F6</key>
		<dict>
			<key>fileRef</key>
			<string>45E9348F184E521600CBF9F6</string>
			<key>isa</key>
			<string>PBXBuildFile</string>
		</dict>
		<key>45E93491184E535E00CBF9F6</key>
		<dict>
			<key>isa</key>
			<string>PBXFileReference</string>
			<key>lastKnownFileType</key>
			<string>image.png</string>
			<key>path</key>
			<string>icn_chevron_selected.png</string>
			<key>sourceTree</key>
			<string>&lt;group&gt;</string>
		</dict>
		<key>45E93492184E535E00CBF9F6</key>
		<dict>
			<key>isa</key>
			<string>PBXFileReference</string>
			<key>lastKnownFileType</key>
			<string>image.png</string>
			<key>path</key>
			<string>icn_chevron_selected@2x.png</string>
			<key>sourceTree</key>
			<string>&lt;group&gt;</string>
		</dict>
		<key>45E93493184E535E00CBF9F6</key>
		<dict>
			<key>fileRef</key>
			<string>45E93491184E535E00CBF9F6</string>
			<key>isa</key>
			<string>PBXBuildFile</string>
		</dict>
		<key>45E93494184E535E00CBF9F6</key>
		<dict>
			<key>fileRef</key>
			<string>45E93492184E535E00CBF9F6</string>
			<key>isa</key>
			<string>PBXBuildFile</string>
		</dict>
		<key>4B0A72E72DA54B67975BD230</key>
		<dict>
			<key>buildActionMask</key>
			<string>2147483647</string>
			<key>files</key>
			<array/>
			<key>inputPaths</key>
			<array/>
			<key>isa</key>
			<string>PBXShellScriptBuildPhase</string>
			<key>name</key>
			<string>Check Pods Manifest.lock</string>
			<key>outputPaths</key>
			<array/>
			<key>runOnlyForDeploymentPostprocessing</key>
			<string>0</string>
			<key>shellPath</key>
			<string>/bin/sh</string>
			<key>shellScript</key>
			<string>diff "${PODS_ROOT}/../Podfile.lock" "${PODS_ROOT}/Manifest.lock" &gt; /dev/null
if [[ $? != 0 ]] ; then
    cat &lt;&lt; EOM
error: The sandbox is not in sync with the Podfile.lock. Run 'pod install' or update your CocoaPods installation.
EOM
    exit 1
fi
</string>
			<key>showEnvVarsInLog</key>
			<string>0</string>
		</dict>
		<key>DA9156BEB2E04AD58DE5ED20</key>
		<dict>
			<key>includeInIndex</key>
			<string>1</string>
			<key>isa</key>
			<string>PBXFileReference</string>
			<key>lastKnownFileType</key>
			<string>text.xcconfig</string>
			<key>name</key>
			<string>Pods.xcconfig</string>
			<key>path</key>
			<string>Pods/Pods.xcconfig</string>
			<key>sourceTree</key>
			<string>&lt;group&gt;</string>
		</dict>
		<key>EBD6A5A5F15B47CABD5C0814</key>
		<dict>
			<key>fileRef</key>
			<string>05D830B0917E4C8C89B91FA3</string>
			<key>isa</key>
			<string>PBXBuildFile</string>
		</dict>
	</dict>
	<key>rootObject</key>
	<string>172E8301177F5C4700D25532</string>
</dict>
</plist>
